// !$*UTF8*$!
{
	archiveVersion = 1;
	classes = {
	};
	objectVersion = 50;
	objects = {

/* Begin PBXBuildFile section */
		4915DC3A241C7F9300B5465E /* CheckableTag.framework in Frameworks */ = {isa = PBXBuildFile; fileRef = 4915DC30241C7F9300B5465E /* CheckableTag.framework */; };
		4915DC3F241C7F9300B5465E /* CheckableTagTests.swift in Sources */ = {isa = PBXBuildFile; fileRef = 4915DC3E241C7F9300B5465E /* CheckableTagTests.swift */; };
		4915DC41241C7F9300B5465E /* CheckableTag.h in Headers */ = {isa = PBXBuildFile; fileRef = 4915DC33241C7F9300B5465E /* CheckableTag.h */; settings = {ATTRIBUTES = (Public, ); }; };
		4915DC51241C801300B5465E /* AppDelegate.swift in Sources */ = {isa = PBXBuildFile; fileRef = 4915DC50241C801300B5465E /* AppDelegate.swift */; };
		4915DC53241C801300B5465E /* SceneDelegate.swift in Sources */ = {isa = PBXBuildFile; fileRef = 4915DC52241C801300B5465E /* SceneDelegate.swift */; };
		4915DC55241C801300B5465E /* ViewController.swift in Sources */ = {isa = PBXBuildFile; fileRef = 4915DC54241C801300B5465E /* ViewController.swift */; };
		4915DC58241C801300B5465E /* Main.storyboard in Resources */ = {isa = PBXBuildFile; fileRef = 4915DC56241C801300B5465E /* Main.storyboard */; };
		4915DC5A241C801600B5465E /* Assets.xcassets in Resources */ = {isa = PBXBuildFile; fileRef = 4915DC59241C801600B5465E /* Assets.xcassets */; };
		4915DC5D241C801600B5465E /* LaunchScreen.storyboard in Resources */ = {isa = PBXBuildFile; fileRef = 4915DC5B241C801600B5465E /* LaunchScreen.storyboard */; };
		4915DC63241C818000B5465E /* CheckableTag.swift in Sources */ = {isa = PBXBuildFile; fileRef = 4915DC62241C818000B5465E /* CheckableTag.swift */; };
		4915DC67241C839900B5465E /* ExtensionConllectionDataSource.swift in Sources */ = {isa = PBXBuildFile; fileRef = 4915DC66241C839900B5465E /* ExtensionConllectionDataSource.swift */; };
		4915DC69241C83BC00B5465E /* ExtensionCollectionDelegate.swift in Sources */ = {isa = PBXBuildFile; fileRef = 4915DC68241C83BC00B5465E /* ExtensionCollectionDelegate.swift */; };
		4915DC6B241C83E500B5465E /* ExtensionFlowLayoutDelegate.swift in Sources */ = {isa = PBXBuildFile; fileRef = 4915DC6A241C83E500B5465E /* ExtensionFlowLayoutDelegate.swift */; };
/* End PBXBuildFile section */

/* Begin PBXContainerItemProxy section */
		4915DC3B241C7F9300B5465E /* PBXContainerItemProxy */ = {
			isa = PBXContainerItemProxy;
			containerPortal = 4915DC27241C7F9300B5465E /* Project object */;
			proxyType = 1;
			remoteGlobalIDString = 4915DC2F241C7F9300B5465E;
			remoteInfo = CheckableTag;
		};
/* End PBXContainerItemProxy section */

/* Begin PBXFileReference section */
		4915DC30241C7F9300B5465E /* CheckableTag.framework */ = {isa = PBXFileReference; explicitFileType = wrapper.framework; includeInIndex = 0; path = CheckableTag.framework; sourceTree = BUILT_PRODUCTS_DIR; };
		4915DC33241C7F9300B5465E /* CheckableTag.h */ = {isa = PBXFileReference; lastKnownFileType = sourcecode.c.h; path = CheckableTag.h; sourceTree = "<group>"; };
		4915DC34241C7F9300B5465E /* Info.plist */ = {isa = PBXFileReference; lastKnownFileType = text.plist.xml; path = Info.plist; sourceTree = "<group>"; };
		4915DC39241C7F9300B5465E /* CheckableTagTests.xctest */ = {isa = PBXFileReference; explicitFileType = wrapper.cfbundle; includeInIndex = 0; path = CheckableTagTests.xctest; sourceTree = BUILT_PRODUCTS_DIR; };
		4915DC3E241C7F9300B5465E /* CheckableTagTests.swift */ = {isa = PBXFileReference; lastKnownFileType = sourcecode.swift; path = CheckableTagTests.swift; sourceTree = "<group>"; };
		4915DC40241C7F9300B5465E /* Info.plist */ = {isa = PBXFileReference; lastKnownFileType = text.plist.xml; path = Info.plist; sourceTree = "<group>"; };
		4915DC4E241C801300B5465E /* Demo.app */ = {isa = PBXFileReference; explicitFileType = wrapper.application; includeInIndex = 0; path = Demo.app; sourceTree = BUILT_PRODUCTS_DIR; };
		4915DC50241C801300B5465E /* AppDelegate.swift */ = {isa = PBXFileReference; lastKnownFileType = sourcecode.swift; path = AppDelegate.swift; sourceTree = "<group>"; };
		4915DC52241C801300B5465E /* SceneDelegate.swift */ = {isa = PBXFileReference; lastKnownFileType = sourcecode.swift; path = SceneDelegate.swift; sourceTree = "<group>"; };
		4915DC54241C801300B5465E /* ViewController.swift */ = {isa = PBXFileReference; lastKnownFileType = sourcecode.swift; path = ViewController.swift; sourceTree = "<group>"; };
		4915DC57241C801300B5465E /* Base */ = {isa = PBXFileReference; lastKnownFileType = file.storyboard; name = Base; path = Base.lproj/Main.storyboard; sourceTree = "<group>"; };
		4915DC59241C801600B5465E /* Assets.xcassets */ = {isa = PBXFileReference; lastKnownFileType = folder.assetcatalog; path = Assets.xcassets; sourceTree = "<group>"; };
		4915DC5C241C801600B5465E /* Base */ = {isa = PBXFileReference; lastKnownFileType = file.storyboard; name = Base; path = Base.lproj/LaunchScreen.storyboard; sourceTree = "<group>"; };
		4915DC5E241C801600B5465E /* Info.plist */ = {isa = PBXFileReference; lastKnownFileType = text.plist.xml; path = Info.plist; sourceTree = "<group>"; };
		4915DC62241C818000B5465E /* CheckableTag.swift */ = {isa = PBXFileReference; lastKnownFileType = sourcecode.swift; path = CheckableTag.swift; sourceTree = "<group>"; };
		4915DC66241C839900B5465E /* ExtensionConllectionDataSource.swift */ = {isa = PBXFileReference; lastKnownFileType = sourcecode.swift; path = ExtensionConllectionDataSource.swift; sourceTree = "<group>"; };
		4915DC68241C83BC00B5465E /* ExtensionCollectionDelegate.swift */ = {isa = PBXFileReference; lastKnownFileType = sourcecode.swift; path = ExtensionCollectionDelegate.swift; sourceTree = "<group>"; };
		4915DC6A241C83E500B5465E /* ExtensionFlowLayoutDelegate.swift */ = {isa = PBXFileReference; lastKnownFileType = sourcecode.swift; path = ExtensionFlowLayoutDelegate.swift; sourceTree = "<group>"; };
/* End PBXFileReference section */

/* Begin PBXFrameworksBuildPhase section */
		4915DC2D241C7F9300B5465E /* Frameworks */ = {
			isa = PBXFrameworksBuildPhase;
			buildActionMask = 2147483647;
			files = (
			);
			runOnlyForDeploymentPostprocessing = 0;
		};
		4915DC36241C7F9300B5465E /* Frameworks */ = {
			isa = PBXFrameworksBuildPhase;
			buildActionMask = 2147483647;
			files = (
				4915DC3A241C7F9300B5465E /* CheckableTag.framework in Frameworks */,
			);
			runOnlyForDeploymentPostprocessing = 0;
		};
		4915DC4B241C801300B5465E /* Frameworks */ = {
			isa = PBXFrameworksBuildPhase;
			buildActionMask = 2147483647;
			files = (
			);
			runOnlyForDeploymentPostprocessing = 0;
		};
/* End PBXFrameworksBuildPhase section */

/* Begin PBXGroup section */
		4915DC26241C7F9300B5465E = {
			isa = PBXGroup;
			children = (
				4915DC32241C7F9300B5465E /* CheckableTag */,
				4915DC3D241C7F9300B5465E /* CheckableTagTests */,
				4915DC4F241C801300B5465E /* Demo */,
				4915DC31241C7F9300B5465E /* Products */,
			);
			sourceTree = "<group>";
		};
		4915DC31241C7F9300B5465E /* Products */ = {
			isa = PBXGroup;
			children = (
				4915DC30241C7F9300B5465E /* CheckableTag.framework */,
				4915DC39241C7F9300B5465E /* CheckableTagTests.xctest */,
				4915DC4E241C801300B5465E /* Demo.app */,
			);
			name = Products;
			sourceTree = "<group>";
		};
		4915DC32241C7F9300B5465E /* CheckableTag */ = {
			isa = PBXGroup;
			children = (
				4915DC33241C7F9300B5465E /* CheckableTag.h */,
				4915DC34241C7F9300B5465E /* Info.plist */,
				4915DC65241C82E800B5465E /* CheckableTagMain */,
			);
			path = CheckableTag;
			sourceTree = "<group>";
		};
		4915DC3D241C7F9300B5465E /* CheckableTagTests */ = {
			isa = PBXGroup;
			children = (
				4915DC3E241C7F9300B5465E /* CheckableTagTests.swift */,
				4915DC40241C7F9300B5465E /* Info.plist */,
			);
			path = CheckableTagTests;
			sourceTree = "<group>";
		};
		4915DC4F241C801300B5465E /* Demo */ = {
			isa = PBXGroup;
			children = (
				4915DC50241C801300B5465E /* AppDelegate.swift */,
				4915DC52241C801300B5465E /* SceneDelegate.swift */,
				4915DC54241C801300B5465E /* ViewController.swift */,
				4915DC56241C801300B5465E /* Main.storyboard */,
				4915DC59241C801600B5465E /* Assets.xcassets */,
				4915DC5B241C801600B5465E /* LaunchScreen.storyboard */,
				4915DC5E241C801600B5465E /* Info.plist */,
			);
			path = Demo;
			sourceTree = "<group>";
		};
		4915DC65241C82E800B5465E /* CheckableTagMain */ = {
			isa = PBXGroup;
			children = (
				4915DC62241C818000B5465E /* CheckableTag.swift */,
				4915DC66241C839900B5465E /* ExtensionConllectionDataSource.swift */,
				4915DC68241C83BC00B5465E /* ExtensionCollectionDelegate.swift */,
				4915DC6A241C83E500B5465E /* ExtensionFlowLayoutDelegate.swift */,
			);
			path = CheckableTagMain;
			sourceTree = "<group>";
		};
/* End PBXGroup section */

/* Begin PBXHeadersBuildPhase section */
		4915DC2B241C7F9300B5465E /* Headers */ = {
			isa = PBXHeadersBuildPhase;
			buildActionMask = 2147483647;
			files = (
				4915DC41241C7F9300B5465E /* CheckableTag.h in Headers */,
			);
			runOnlyForDeploymentPostprocessing = 0;
		};
/* End PBXHeadersBuildPhase section */

/* Begin PBXNativeTarget section */
		4915DC2F241C7F9300B5465E /* CheckableTag */ = {
			isa = PBXNativeTarget;
			buildConfigurationList = 4915DC44241C7F9300B5465E /* Build configuration list for PBXNativeTarget "CheckableTag" */;
			buildPhases = (
				4915DC2B241C7F9300B5465E /* Headers */,
				4915DC2C241C7F9300B5465E /* Sources */,
				4915DC2D241C7F9300B5465E /* Frameworks */,
				4915DC2E241C7F9300B5465E /* Resources */,
			);
			buildRules = (
			);
			dependencies = (
			);
			name = CheckableTag;
			productName = CheckableTag;
			productReference = 4915DC30241C7F9300B5465E /* CheckableTag.framework */;
			productType = "com.apple.product-type.framework";
		};
		4915DC38241C7F9300B5465E /* CheckableTagTests */ = {
			isa = PBXNativeTarget;
			buildConfigurationList = 4915DC47241C7F9300B5465E /* Build configuration list for PBXNativeTarget "CheckableTagTests" */;
			buildPhases = (
				4915DC35241C7F9300B5465E /* Sources */,
				4915DC36241C7F9300B5465E /* Frameworks */,
				4915DC37241C7F9300B5465E /* Resources */,
			);
			buildRules = (
			);
			dependencies = (
				4915DC3C241C7F9300B5465E /* PBXTargetDependency */,
			);
			name = CheckableTagTests;
			productName = CheckableTagTests;
			productReference = 4915DC39241C7F9300B5465E /* CheckableTagTests.xctest */;
			productType = "com.apple.product-type.bundle.unit-test";
		};
		4915DC4D241C801300B5465E /* Demo */ = {
			isa = PBXNativeTarget;
			buildConfigurationList = 4915DC5F241C801600B5465E /* Build configuration list for PBXNativeTarget "Demo" */;
			buildPhases = (
				4915DC4A241C801300B5465E /* Sources */,
				4915DC4B241C801300B5465E /* Frameworks */,
				4915DC4C241C801300B5465E /* Resources */,
			);
			buildRules = (
			);
			dependencies = (
			);
			name = Demo;
			productName = Demo;
			productReference = 4915DC4E241C801300B5465E /* Demo.app */;
			productType = "com.apple.product-type.application";
		};
/* End PBXNativeTarget section */

/* Begin PBXProject section */
		4915DC27241C7F9300B5465E /* Project object */ = {
			isa = PBXProject;
			attributes = {
				LastSwiftUpdateCheck = 1130;
				LastUpgradeCheck = 1130;
				ORGANIZATIONNAME = airy;
				TargetAttributes = {
					4915DC2F241C7F9300B5465E = {
						CreatedOnToolsVersion = 11.3.1;
						LastSwiftMigration = 1130;
					};
					4915DC38241C7F9300B5465E = {
						CreatedOnToolsVersion = 11.3.1;
					};
					4915DC4D241C801300B5465E = {
						CreatedOnToolsVersion = 11.3.1;
					};
				};
			};
			buildConfigurationList = 4915DC2A241C7F9300B5465E /* Build configuration list for PBXProject "CheckableTag" */;
			compatibilityVersion = "Xcode 9.3";
			developmentRegion = en;
			hasScannedForEncodings = 0;
			knownRegions = (
				en,
				Base,
			);
			mainGroup = 4915DC26241C7F9300B5465E;
			productRefGroup = 4915DC31241C7F9300B5465E /* Products */;
			projectDirPath = "";
			projectRoot = "";
			targets = (
				4915DC2F241C7F9300B5465E /* CheckableTag */,
				4915DC38241C7F9300B5465E /* CheckableTagTests */,
				4915DC4D241C801300B5465E /* Demo */,
			);
		};
/* End PBXProject section */

/* Begin PBXResourcesBuildPhase section */
		4915DC2E241C7F9300B5465E /* Resources */ = {
			isa = PBXResourcesBuildPhase;
			buildActionMask = 2147483647;
			files = (
			);
			runOnlyForDeploymentPostprocessing = 0;
		};
		4915DC37241C7F9300B5465E /* Resources */ = {
			isa = PBXResourcesBuildPhase;
			buildActionMask = 2147483647;
			files = (
			);
			runOnlyForDeploymentPostprocessing = 0;
		};
		4915DC4C241C801300B5465E /* Resources */ = {
			isa = PBXResourcesBuildPhase;
			buildActionMask = 2147483647;
			files = (
				4915DC5D241C801600B5465E /* LaunchScreen.storyboard in Resources */,
				4915DC5A241C801600B5465E /* Assets.xcassets in Resources */,
				4915DC58241C801300B5465E /* Main.storyboard in Resources */,
			);
			runOnlyForDeploymentPostprocessing = 0;
		};
/* End PBXResourcesBuildPhase section */

/* Begin PBXSourcesBuildPhase section */
		4915DC2C241C7F9300B5465E /* Sources */ = {
			isa = PBXSourcesBuildPhase;
			buildActionMask = 2147483647;
			files = (
				4915DC63241C818000B5465E /* CheckableTag.swift in Sources */,
				4915DC67241C839900B5465E /* ExtensionConllectionDataSource.swift in Sources */,
				4915DC6B241C83E500B5465E /* ExtensionFlowLayoutDelegate.swift in Sources */,
				4915DC69241C83BC00B5465E /* ExtensionCollectionDelegate.swift in Sources */,
			);
			runOnlyForDeploymentPostprocessing = 0;
		};
		4915DC35241C7F9300B5465E /* Sources */ = {
			isa = PBXSourcesBuildPhase;
			buildActionMask = 2147483647;
			files = (
				4915DC3F241C7F9300B5465E /* CheckableTagTests.swift in Sources */,
			);
			runOnlyForDeploymentPostprocessing = 0;
		};
		4915DC4A241C801300B5465E /* Sources */ = {
			isa = PBXSourcesBuildPhase;
			buildActionMask = 2147483647;
			files = (
				4915DC55241C801300B5465E /* ViewController.swift in Sources */,
				4915DC51241C801300B5465E /* AppDelegate.swift in Sources */,
				4915DC53241C801300B5465E /* SceneDelegate.swift in Sources */,
			);
			runOnlyForDeploymentPostprocessing = 0;
		};
/* End PBXSourcesBuildPhase section */

/* Begin PBXTargetDependency section */
		4915DC3C241C7F9300B5465E /* PBXTargetDependency */ = {
			isa = PBXTargetDependency;
			target = 4915DC2F241C7F9300B5465E /* CheckableTag */;
			targetProxy = 4915DC3B241C7F9300B5465E /* PBXContainerItemProxy */;
		};
/* End PBXTargetDependency section */

/* Begin PBXVariantGroup section */
		4915DC56241C801300B5465E /* Main.storyboard */ = {
			isa = PBXVariantGroup;
			children = (
				4915DC57241C801300B5465E /* Base */,
			);
			name = Main.storyboard;
			sourceTree = "<group>";
		};
		4915DC5B241C801600B5465E /* LaunchScreen.storyboard */ = {
			isa = PBXVariantGroup;
			children = (
				4915DC5C241C801600B5465E /* Base */,
			);
			name = LaunchScreen.storyboard;
			sourceTree = "<group>";
		};
/* End PBXVariantGroup section */

/* Begin XCBuildConfiguration section */
		4915DC42241C7F9300B5465E /* Debug */ = {
			isa = XCBuildConfiguration;
			buildSettings = {
				ALWAYS_SEARCH_USER_PATHS = NO;
				CLANG_ANALYZER_NONNULL = YES;
				CLANG_ANALYZER_NUMBER_OBJECT_CONVERSION = YES_AGGRESSIVE;
				CLANG_CXX_LANGUAGE_STANDARD = "gnu++14";
				CLANG_CXX_LIBRARY = "libc++";
				CLANG_ENABLE_MODULES = YES;
				CLANG_ENABLE_OBJC_ARC = YES;
				CLANG_ENABLE_OBJC_WEAK = YES;
				CLANG_WARN_BLOCK_CAPTURE_AUTORELEASING = YES;
				CLANG_WARN_BOOL_CONVERSION = YES;
				CLANG_WARN_COMMA = YES;
				CLANG_WARN_CONSTANT_CONVERSION = YES;
				CLANG_WARN_DEPRECATED_OBJC_IMPLEMENTATIONS = YES;
				CLANG_WARN_DIRECT_OBJC_ISA_USAGE = YES_ERROR;
				CLANG_WARN_DOCUMENTATION_COMMENTS = YES;
				CLANG_WARN_EMPTY_BODY = YES;
				CLANG_WARN_ENUM_CONVERSION = YES;
				CLANG_WARN_INFINITE_RECURSION = YES;
				CLANG_WARN_INT_CONVERSION = YES;
				CLANG_WARN_NON_LITERAL_NULL_CONVERSION = YES;
				CLANG_WARN_OBJC_IMPLICIT_RETAIN_SELF = YES;
				CLANG_WARN_OBJC_LITERAL_CONVERSION = YES;
				CLANG_WARN_OBJC_ROOT_CLASS = YES_ERROR;
				CLANG_WARN_RANGE_LOOP_ANALYSIS = YES;
				CLANG_WARN_STRICT_PROTOTYPES = YES;
				CLANG_WARN_SUSPICIOUS_MOVE = YES;
				CLANG_WARN_UNGUARDED_AVAILABILITY = YES_AGGRESSIVE;
				CLANG_WARN_UNREACHABLE_CODE = YES;
				CLANG_WARN__DUPLICATE_METHOD_MATCH = YES;
				COPY_PHASE_STRIP = NO;
				CURRENT_PROJECT_VERSION = 1;
				DEBUG_INFORMATION_FORMAT = dwarf;
				ENABLE_STRICT_OBJC_MSGSEND = YES;
				ENABLE_TESTABILITY = YES;
				GCC_C_LANGUAGE_STANDARD = gnu11;
				GCC_DYNAMIC_NO_PIC = NO;
				GCC_NO_COMMON_BLOCKS = YES;
				GCC_OPTIMIZATION_LEVEL = 0;
				GCC_PREPROCESSOR_DEFINITIONS = (
					"DEBUG=1",
					"$(inherited)",
				);
				GCC_WARN_64_TO_32_BIT_CONVERSION = YES;
				GCC_WARN_ABOUT_RETURN_TYPE = YES_ERROR;
				GCC_WARN_UNDECLARED_SELECTOR = YES;
				GCC_WARN_UNINITIALIZED_AUTOS = YES_AGGRESSIVE;
				GCC_WARN_UNUSED_FUNCTION = YES;
				GCC_WARN_UNUSED_VARIABLE = YES;
				IPHONEOS_DEPLOYMENT_TARGET = 13.2;
				MTL_ENABLE_DEBUG_INFO = INCLUDE_SOURCE;
				MTL_FAST_MATH = YES;
				ONLY_ACTIVE_ARCH = YES;
				SDKROOT = iphoneos;
				SWIFT_ACTIVE_COMPILATION_CONDITIONS = DEBUG;
				SWIFT_OPTIMIZATION_LEVEL = "-Onone";
				VERSIONING_SYSTEM = "apple-generic";
				VERSION_INFO_PREFIX = "";
			};
			name = Debug;
		};
		4915DC43241C7F9300B5465E /* Release */ = {
			isa = XCBuildConfiguration;
			buildSettings = {
				ALWAYS_SEARCH_USER_PATHS = NO;
				CLANG_ANALYZER_NONNULL = YES;
				CLANG_ANALYZER_NUMBER_OBJECT_CONVERSION = YES_AGGRESSIVE;
				CLANG_CXX_LANGUAGE_STANDARD = "gnu++14";
				CLANG_CXX_LIBRARY = "libc++";
				CLANG_ENABLE_MODULES = YES;
				CLANG_ENABLE_OBJC_ARC = YES;
				CLANG_ENABLE_OBJC_WEAK = YES;
				CLANG_WARN_BLOCK_CAPTURE_AUTORELEASING = YES;
				CLANG_WARN_BOOL_CONVERSION = YES;
				CLANG_WARN_COMMA = YES;
				CLANG_WARN_CONSTANT_CONVERSION = YES;
				CLANG_WARN_DEPRECATED_OBJC_IMPLEMENTATIONS = YES;
				CLANG_WARN_DIRECT_OBJC_ISA_USAGE = YES_ERROR;
				CLANG_WARN_DOCUMENTATION_COMMENTS = YES;
				CLANG_WARN_EMPTY_BODY = YES;
				CLANG_WARN_ENUM_CONVERSION = YES;
				CLANG_WARN_INFINITE_RECURSION = YES;
				CLANG_WARN_INT_CONVERSION = YES;
				CLANG_WARN_NON_LITERAL_NULL_CONVERSION = YES;
				CLANG_WARN_OBJC_IMPLICIT_RETAIN_SELF = YES;
				CLANG_WARN_OBJC_LITERAL_CONVERSION = YES;
				CLANG_WARN_OBJC_ROOT_CLASS = YES_ERROR;
				CLANG_WARN_RANGE_LOOP_ANALYSIS = YES;
				CLANG_WARN_STRICT_PROTOTYPES = YES;
				CLANG_WARN_SUSPICIOUS_MOVE = YES;
				CLANG_WARN_UNGUARDED_AVAILABILITY = YES_AGGRESSIVE;
				CLANG_WARN_UNREACHABLE_CODE = YES;
				CLANG_WARN__DUPLICATE_METHOD_MATCH = YES;
				COPY_PHASE_STRIP = NO;
				CURRENT_PROJECT_VERSION = 1;
				DEBUG_INFORMATION_FORMAT = "dwarf-with-dsym";
				ENABLE_NS_ASSERTIONS = NO;
				ENABLE_STRICT_OBJC_MSGSEND = YES;
				GCC_C_LANGUAGE_STANDARD = gnu11;
				GCC_NO_COMMON_BLOCKS = YES;
				GCC_WARN_64_TO_32_BIT_CONVERSION = YES;
				GCC_WARN_ABOUT_RETURN_TYPE = YES_ERROR;
				GCC_WARN_UNDECLARED_SELECTOR = YES;
				GCC_WARN_UNINITIALIZED_AUTOS = YES_AGGRESSIVE;
				GCC_WARN_UNUSED_FUNCTION = YES;
				GCC_WARN_UNUSED_VARIABLE = YES;
				IPHONEOS_DEPLOYMENT_TARGET = 13.2;
				MTL_ENABLE_DEBUG_INFO = NO;
				MTL_FAST_MATH = YES;
				SDKROOT = iphoneos;
				SWIFT_COMPILATION_MODE = wholemodule;
				SWIFT_OPTIMIZATION_LEVEL = "-O";
				VALIDATE_PRODUCT = YES;
				VERSIONING_SYSTEM = "apple-generic";
				VERSION_INFO_PREFIX = "";
			};
			name = Release;
		};
		4915DC45241C7F9300B5465E /* Debug */ = {
			isa = XCBuildConfiguration;
			buildSettings = {
				CLANG_ENABLE_MODULES = YES;
				CODE_SIGN_STYLE = Automatic;
				DEFINES_MODULE = YES;
				DEVELOPMENT_TEAM = 838BXTBMQU;
				DYLIB_COMPATIBILITY_VERSION = 1;
				DYLIB_CURRENT_VERSION = 1;
				DYLIB_INSTALL_NAME_BASE = "@rpath";
				INFOPLIST_FILE = CheckableTag/Info.plist;
				INSTALL_PATH = "$(LOCAL_LIBRARY_DIR)/Frameworks";
				LD_RUNPATH_SEARCH_PATHS = (
					"$(inherited)",
					"@executable_path/Frameworks",
					"@loader_path/Frameworks",
				);
				PRODUCT_BUNDLE_IDENTIFIER = "thanks.xa-gmail.com.CheckableTag";
				PRODUCT_NAME = "$(TARGET_NAME:c99extidentifier)";
				SKIP_INSTALL = YES;
				SWIFT_OPTIMIZATION_LEVEL = "-Onone";
				SWIFT_VERSION = 5.0;
				TARGETED_DEVICE_FAMILY = "1,2";
			};
			name = Debug;
		};
		4915DC46241C7F9300B5465E /* Release */ = {
			isa = XCBuildConfiguration;
			buildSettings = {
				CLANG_ENABLE_MODULES = YES;
				CODE_SIGN_STYLE = Automatic;
				DEFINES_MODULE = YES;
				DEVELOPMENT_TEAM = 838BXTBMQU;
				DYLIB_COMPATIBILITY_VERSION = 1;
				DYLIB_CURRENT_VERSION = 1;
				DYLIB_INSTALL_NAME_BASE = "@rpath";
				INFOPLIST_FILE = CheckableTag/Info.plist;
				INSTALL_PATH = "$(LOCAL_LIBRARY_DIR)/Frameworks";
				LD_RUNPATH_SEARCH_PATHS = (
					"$(inherited)",
					"@executable_path/Frameworks",
					"@loader_path/Frameworks",
				);
				PRODUCT_BUNDLE_IDENTIFIER = "thanks.xa-gmail.com.CheckableTag";
				PRODUCT_NAME = "$(TARGET_NAME:c99extidentifier)";
				SKIP_INSTALL = YES;
				SWIFT_VERSION = 5.0;
				TARGETED_DEVICE_FAMILY = "1,2";
			};
			name = Release;
		};
		4915DC48241C7F9300B5465E /* Debug */ = {
			isa = XCBuildConfiguration;
			buildSettings = {
				ALWAYS_EMBED_SWIFT_STANDARD_LIBRARIES = YES;
				CODE_SIGN_STYLE = Automatic;
				DEVELOPMENT_TEAM = 838BXTBMQU;
				INFOPLIST_FILE = CheckableTagTests/Info.plist;
				LD_RUNPATH_SEARCH_PATHS = (
					"$(inherited)",
					"@executable_path/Frameworks",
					"@loader_path/Frameworks",
				);
				PRODUCT_BUNDLE_IDENTIFIER = "thanks.xa-gmail.com.CheckableTagTests";
				PRODUCT_NAME = "$(TARGET_NAME)";
				SWIFT_VERSION = 5.0;
				TARGETED_DEVICE_FAMILY = "1,2";
			};
			name = Debug;
		};
		4915DC49241C7F9300B5465E /* Release */ = {
			isa = XCBuildConfiguration;
			buildSettings = {
				ALWAYS_EMBED_SWIFT_STANDARD_LIBRARIES = YES;
				CODE_SIGN_STYLE = Automatic;
				DEVELOPMENT_TEAM = 838BXTBMQU;
				INFOPLIST_FILE = CheckableTagTests/Info.plist;
				LD_RUNPATH_SEARCH_PATHS = (
					"$(inherited)",
					"@executable_path/Frameworks",
					"@loader_path/Frameworks",
				);
				PRODUCT_BUNDLE_IDENTIFIER = "thanks.xa-gmail.com.CheckableTagTests";
				PRODUCT_NAME = "$(TARGET_NAME)";
				SWIFT_VERSION = 5.0;
				TARGETED_DEVICE_FAMILY = "1,2";
			};
			name = Release;
		};
		4915DC60241C801600B5465E /* Debug */ = {
			isa = XCBuildConfiguration;
			buildSettings = {
				ASSETCATALOG_COMPILER_APPICON_NAME = AppIcon;
				CODE_SIGN_STYLE = Automatic;
				DEVELOPMENT_TEAM = 838BXTBMQU;
				INFOPLIST_FILE = Demo/Info.plist;
				LD_RUNPATH_SEARCH_PATHS = (
					"$(inherited)",
					"@executable_path/Frameworks",
				);
				PRODUCT_BUNDLE_IDENTIFIER = "thanks.xa-gmail.com.Demo";
				PRODUCT_NAME = "$(TARGET_NAME)";
				SWIFT_VERSION = 5.0;
				TARGETED_DEVICE_FAMILY = "1,2";
			};
			name = Debug;
		};
		4915DC61241C801600B5465E /* Release */ = {
			isa = XCBuildConfiguration;
			buildSettings = {
				ASSETCATALOG_COMPILER_APPICON_NAME = AppIcon;
				CODE_SIGN_STYLE = Automatic;
				DEVELOPMENT_TEAM = 838BXTBMQU;
				INFOPLIST_FILE = Demo/Info.plist;
				LD_RUNPATH_SEARCH_PATHS = (
					"$(inherited)",
					"@executable_path/Frameworks",
				);
				PRODUCT_BUNDLE_IDENTIFIER = "thanks.xa-gmail.com.Demo";
				PRODUCT_NAME = "$(TARGET_NAME)";
				SWIFT_VERSION = 5.0;
				TARGETED_DEVICE_FAMILY = "1,2";
			};
			name = Release;
		};
/* End XCBuildConfiguration section */

/* Begin XCConfigurationList section */
		4915DC2A241C7F9300B5465E /* Build configuration list for PBXProject "CheckableTag" */ = {
			isa = XCConfigurationList;
			buildConfigurations = (
				4915DC42241C7F9300B5465E /* Debug */,
				4915DC43241C7F9300B5465E /* Release */,
			);
			defaultConfigurationIsVisible = 0;
			defaultConfigurationName = Release;
		};
		4915DC44241C7F9300B5465E /* Build configuration list for PBXNativeTarget "CheckableTag" */ = {
			isa = XCConfigurationList;
			buildConfigurations = (
				4915DC45241C7F9300B5465E /* Debug */,
				4915DC46241C7F9300B5465E /* Release */,
			);
			defaultConfigurationIsVisible = 0;
			defaultConfigurationName = Release;
		};
		4915DC47241C7F9300B5465E /* Build configuration list for PBXNativeTarget "CheckableTagTests" */ = {
			isa = XCConfigurationList;
			buildConfigurations = (
				4915DC48241C7F9300B5465E /* Debug */,
				4915DC49241C7F9300B5465E /* Release */,
			);
			defaultConfigurationIsVisible = 0;
			defaultConfigurationName = Release;
		};
		4915DC5F241C801600B5465E /* Build configuration list for PBXNativeTarget "Demo" */ = {
			isa = XCConfigurationList;
			buildConfigurations = (
				4915DC60241C801600B5465E /* Debug */,
				4915DC61241C801600B5465E /* Release */,
			);
			defaultConfigurationIsVisible = 0;
			defaultConfigurationName = Release;
		};
/* End XCConfigurationList section */
	};
	rootObject = 4915DC27241C7F9300B5465E /* Project object */;
}
